
Microsoft Visual Studio Solution File, Format Version 12.00
# Visual Studio Version 16
VisualStudioVersion = 16.0.30717.126
MinimumVisualStudioVersion = 10.0.40219.1
Project("{FAE04EC0-301F-11D3-BF4B-00C04F79EFBC}") = "API", "API\API.csproj", "{98BE44D4-7DF4-4D80-AFA1-8C9F8AAC0A52}"
EndProject
Global
	GlobalSection(SolutionConfigurationPlatforms) = preSolution
		Debug|Any CPU = Debug|Any CPU
		Release|Any CPU = Release|Any CPU
	EndGlobalSection
	GlobalSection(ProjectConfigurationPlatforms) = postSolution
		{98BE44D4-7DF4-4D80-AFA1-8C9F8AAC0A52}.Debug|Any CPU.ActiveCfg = Debug|Any CPU
		{98BE44D4-7DF4-4D80-AFA1-8C9F8AAC0A52}.Debug|Any CPU.Build.0 = Debug|Any CPU
		{98BE44D4-7DF4-4D80-AFA1-8C9F8AAC0A52}.Release|Any CPU.ActiveCfg = Release|Any CPU
		{98BE44D4-7DF4-4D80-AFA1-8C9F8AAC0A52}.Release|Any CPU.Build.0 = Release|Any CPU
	EndGlobalSection
	GlobalSection(SolutionProperties) = preSolution
		HideSolutionNode = FALSE
	EndGlobalSection
	GlobalSection(ExtensibilityGlobals) = postSolution
		SolutionGuid = {3B5B0516-C052-4891-8B7D-DFBE0E0FB552}
	EndGlobalSection
EndGlobal
